
Microsoft Visual Studio Solution File, Format Version 12.00
# Visual Studio Version 16
VisualStudioVersion = 16.0.29806.167
MinimumVisualStudioVersion = 10.0.40219.1
Project("{9A19103F-16F7-4668-BE54-9A1E7A4F7556}") = "dotnet.comlib", "dotnet.comlib\dotnet.comlib.csproj", "{15D966C0-AA3A-45BE-8199-AFAA90A4DFBA}"
EndProject
Project("{2150E333-8FDC-42A3-9474-1A3956D46DE8}") = "Solution Items", "Solution Items", "{2BC1D7FC-C4C0-4CF1-B8EA-6BA3D7E54CE4}"
	ProjectSection(SolutionItems) = preProject
		.editorconfig = .editorconfig
	EndProjectSection
EndProject
Project("{FAE04EC0-301F-11D3-BF4B-00C04F79EFBC}") = "dotnet.comlib.test", "dotnet.comlib.test\dotnet.comlib.test.csproj", "{089AC515-916C-41D9-91A2-4212559BAECE}"
EndProject
Global
	GlobalSection(SolutionConfigurationPlatforms) = preSolution
		Debug|Any CPU = Debug|Any CPU
		Release|Any CPU = Release|Any CPU
	EndGlobalSection
	GlobalSection(ProjectConfigurationPlatforms) = postSolution
		{15D966C0-AA3A-45BE-8199-AFAA90A4DFBA}.Debug|Any CPU.ActiveCfg = Debug|Any CPU
		{15D966C0-AA3A-45BE-8199-AFAA90A4DFBA}.Debug|Any CPU.Build.0 = Debug|Any CPU
		{15D966C0-AA3A-45BE-8199-AFAA90A4DFBA}.Release|Any CPU.ActiveCfg = Release|Any CPU
		{15D966C0-AA3A-45BE-8199-AFAA90A4DFBA}.Release|Any CPU.Build.0 = Release|Any CPU
		{089AC515-916C-41D9-91A2-4212559BAECE}.Debug|Any CPU.ActiveCfg = Debug|Any CPU
		{089AC515-916C-41D9-91A2-4212559BAECE}.Debug|Any CPU.Build.0 = Debug|Any CPU
		{089AC515-916C-41D9-91A2-4212559BAECE}.Release|Any CPU.ActiveCfg = Release|Any CPU
		{089AC515-916C-41D9-91A2-4212559BAECE}.Release|Any CPU.Build.0 = Release|Any CPU
	EndGlobalSection
	GlobalSection(SolutionProperties) = preSolution
		HideSolutionNode = FALSE
	EndGlobalSection
	GlobalSection(ExtensibilityGlobals) = postSolution
		SolutionGuid = {8EA5B70E-D3FE-4CF5-B67D-FC8B6C3CDAA9}
	EndGlobalSection
EndGlobal
